
Microsoft Visual Studio Solution File, Format Version 12.00
# Visual Studio Version 17
VisualStudioVersion = 17.10.35013.160
MinimumVisualStudioVersion = 10.0.40219.1
Project("{FAE04EC0-301F-11D3-BF4B-00C04F79EFBC}") = "attackServer1", "attackServer1.csproj", "{A642DC4D-6EE1-450E-B8F6-DC18E9FBA9FA}"
EndProject
Global
	GlobalSection(SolutionConfigurationPlatforms) = preSolution
		Debug|Any CPU = Debug|Any CPU
		Release|Any CPU = Release|Any CPU
	EndGlobalSection
	GlobalSection(ProjectConfigurationPlatforms) = postSolution
		{A642DC4D-6EE1-450E-B8F6-DC18E9FBA9FA}.Debug|Any CPU.ActiveCfg = Debug|Any CPU
		{A642DC4D-6EE1-450E-B8F6-DC18E9FBA9FA}.Debug|Any CPU.Build.0 = Debug|Any CPU
		{A642DC4D-6EE1-450E-B8F6-DC18E9FBA9FA}.Release|Any CPU.ActiveCfg = Release|Any CPU
		{A642DC4D-6EE1-450E-B8F6-DC18E9FBA9FA}.Release|Any CPU.Build.0 = Release|Any CPU
	EndGlobalSection
	GlobalSection(SolutionProperties) = preSolution
		HideSolutionNode = FALSE
	EndGlobalSection
	GlobalSection(ExtensibilityGlobals) = postSolution
		SolutionGuid = {D194B8B8-6478-46B6-9205-4A6A522A0242}
	EndGlobalSection
EndGlobal
